
Microsoft Visual Studio Solution File, Format Version 12.00
# Visual Studio Version 17
VisualStudioVersion = 17.10.34928.147
MinimumVisualStudioVersion = 10.0.40219.1
Project("{FAE04EC0-301F-11D3-BF4B-00C04F79EFBC}") = "Universidad", "Universidad\Universidad.csproj", "{F6256273-2310-46D0-89EB-3B8586356479}"
EndProject
Project("{FAE04EC0-301F-11D3-BF4B-00C04F79EFBC}") = "UniversidadTests", "UniversidadTests\UniversidadTests.csproj", "{2528F05B-E604-4410-9C58-4DCAD1519D36}"
EndProject
Global
	GlobalSection(SolutionConfigurationPlatforms) = preSolution
		Debug|Any CPU = Debug|Any CPU
		Release|Any CPU = Release|Any CPU
	EndGlobalSection
	GlobalSection(ProjectConfigurationPlatforms) = postSolution
		{F6256273-2310-46D0-89EB-3B8586356479}.Debug|Any CPU.ActiveCfg = Debug|Any CPU
		{F6256273-2310-46D0-89EB-3B8586356479}.Debug|Any CPU.Build.0 = Debug|Any CPU
		{F6256273-2310-46D0-89EB-3B8586356479}.Release|Any CPU.ActiveCfg = Release|Any CPU
		{F6256273-2310-46D0-89EB-3B8586356479}.Release|Any CPU.Build.0 = Release|Any CPU
		{2528F05B-E604-4410-9C58-4DCAD1519D36}.Debug|Any CPU.ActiveCfg = Debug|Any CPU
		{2528F05B-E604-4410-9C58-4DCAD1519D36}.Debug|Any CPU.Build.0 = Debug|Any CPU
		{2528F05B-E604-4410-9C58-4DCAD1519D36}.Release|Any CPU.ActiveCfg = Release|Any CPU
		{2528F05B-E604-4410-9C58-4DCAD1519D36}.Release|Any CPU.Build.0 = Release|Any CPU
	EndGlobalSection
	GlobalSection(SolutionProperties) = preSolution
		HideSolutionNode = FALSE
	EndGlobalSection
	GlobalSection(ExtensibilityGlobals) = postSolution
		SolutionGuid = {35CEC213-5688-4412-A34E-502705106E73}
	EndGlobalSection
EndGlobal
